
Microsoft Visual Studio Solution File, Format Version 12.00
# Visual Studio Version 17
VisualStudioVersion = 17.5.002.0
MinimumVisualStudioVersion = 10.0.40219.1
Project("{9A19103F-16F7-4668-BE54-9A1E7A4F7556}") = "Siminar_006(КР)", "Siminar_006(КР).csproj", "{FCE9A232-ED17-41DB-A6EF-C0801E879DDC}"
EndProject
Global
	GlobalSection(SolutionConfigurationPlatforms) = preSolution
		Debug|Any CPU = Debug|Any CPU
		Release|Any CPU = Release|Any CPU
	EndGlobalSection
	GlobalSection(ProjectConfigurationPlatforms) = postSolution
		{FCE9A232-ED17-41DB-A6EF-C0801E879DDC}.Debug|Any CPU.ActiveCfg = Debug|Any CPU
		{FCE9A232-ED17-41DB-A6EF-C0801E879DDC}.Debug|Any CPU.Build.0 = Debug|Any CPU
		{FCE9A232-ED17-41DB-A6EF-C0801E879DDC}.Release|Any CPU.ActiveCfg = Release|Any CPU
		{FCE9A232-ED17-41DB-A6EF-C0801E879DDC}.Release|Any CPU.Build.0 = Release|Any CPU
	EndGlobalSection
	GlobalSection(SolutionProperties) = preSolution
		HideSolutionNode = FALSE
	EndGlobalSection
	GlobalSection(ExtensibilityGlobals) = postSolution
		SolutionGuid = {70E83C27-22B2-4A74-86A0-44B9E972F584}
	EndGlobalSection
EndGlobal
